
Microsoft Visual Studio Solution File, Format Version 12.00
# Visual Studio Version 17
VisualStudioVersion = 17.0.31903.59
MinimumVisualStudioVersion = 10.0.40219.1
Project("{9A19103F-16F7-4668-BE54-9A1E7A4F7556}") = "Frends.Confluence.Request", "Frends.Confluence.Request\Frends.Confluence.Request.csproj", "{EE8274C9-643C-4C2D-8F55-CAC0BF28C111}"
EndProject
Project("{9A19103F-16F7-4668-BE54-9A1E7A4F7556}") = "Frends.Confluence.Request.Tests", "Frends.Confluence.Request.Tests\Frends.Confluence.Request.Tests.csproj", "{9ACEBE1F-E2C5-4066-9D2F-1919C7A9B428}"
EndProject
Global
	GlobalSection(SolutionConfigurationPlatforms) = preSolution
		Debug|Any CPU = Debug|Any CPU
		Release|Any CPU = Release|Any CPU
	EndGlobalSection
	GlobalSection(ProjectConfigurationPlatforms) = postSolution
		{EE8274C9-643C-4C2D-8F55-CAC0BF28C111}.Debug|Any CPU.ActiveCfg = Debug|Any CPU
		{EE8274C9-643C-4C2D-8F55-CAC0BF28C111}.Debug|Any CPU.Build.0 = Debug|Any CPU
		{EE8274C9-643C-4C2D-8F55-CAC0BF28C111}.Release|Any CPU.ActiveCfg = Release|Any CPU
		{EE8274C9-643C-4C2D-8F55-CAC0BF28C111}.Release|Any CPU.Build.0 = Release|Any CPU
		{9ACEBE1F-E2C5-4066-9D2F-1919C7A9B428}.Debug|Any CPU.ActiveCfg = Debug|Any CPU
		{9ACEBE1F-E2C5-4066-9D2F-1919C7A9B428}.Debug|Any CPU.Build.0 = Debug|Any CPU
		{9ACEBE1F-E2C5-4066-9D2F-1919C7A9B428}.Release|Any CPU.ActiveCfg = Release|Any CPU
		{9ACEBE1F-E2C5-4066-9D2F-1919C7A9B428}.Release|Any CPU.Build.0 = Release|Any CPU
	EndGlobalSection
	GlobalSection(SolutionProperties) = preSolution
		HideSolutionNode = FALSE
	EndGlobalSection
	GlobalSection(ExtensibilityGlobals) = postSolution
		SolutionGuid = {FAA10A35-13FB-4873-8DFF-79A4522DE4B2}
	EndGlobalSection
EndGlobal
